
Microsoft Visual Studio Solution File, Format Version 12.00
# Visual Studio Version 17
VisualStudioVersion = 17.3.32825.248
MinimumVisualStudioVersion = 10.0.40219.1
Project("{FAE04EC0-301F-11D3-BF4B-00C04F79EFBC}") = "ProyectoTAP", "ProyectoTAP\ProyectoTAP.csproj", "{47794A80-112C-492C-AC17-6BAB5593ED2E}"
EndProject
Global
	GlobalSection(SolutionConfigurationPlatforms) = preSolution
		Debug|Any CPU = Debug|Any CPU
		Release|Any CPU = Release|Any CPU
	EndGlobalSection
	GlobalSection(ProjectConfigurationPlatforms) = postSolution
		{47794A80-112C-492C-AC17-6BAB5593ED2E}.Debug|Any CPU.ActiveCfg = Debug|Any CPU
		{47794A80-112C-492C-AC17-6BAB5593ED2E}.Debug|Any CPU.Build.0 = Debug|Any CPU
		{47794A80-112C-492C-AC17-6BAB5593ED2E}.Release|Any CPU.ActiveCfg = Release|Any CPU
		{47794A80-112C-492C-AC17-6BAB5593ED2E}.Release|Any CPU.Build.0 = Release|Any CPU
	EndGlobalSection
	GlobalSection(SolutionProperties) = preSolution
		HideSolutionNode = FALSE
	EndGlobalSection
	GlobalSection(ExtensibilityGlobals) = postSolution
		SolutionGuid = {D3BA168F-CAB1-473F-A620-6DAF1729A956}
	EndGlobalSection
EndGlobal
